
Microsoft Visual Studio Solution File, Format Version 12.00
# Visual Studio 15
VisualStudioVersion = 15.0.26124.0
MinimumVisualStudioVersion = 15.0.26124.0
Project("{FAE04EC0-301F-11D3-BF4B-00C04F79EFBC}") = "Domain", "Domain\Domain.csproj", "{C0B0E8EF-7C1D-457A-B086-72B0B5AA52E2}"
EndProject
Project("{FAE04EC0-301F-11D3-BF4B-00C04F79EFBC}") = "Application", "Application\Application.csproj", "{534A3C83-F9F4-42EA-9956-7F4D2B61E8EC}"
EndProject
Project("{FAE04EC0-301F-11D3-BF4B-00C04F79EFBC}") = "Persistence", "Persistence\Persistence.csproj", "{C6C7233A-CF07-4C51-A6E8-C0552A48C1AF}"
EndProject
Project("{FAE04EC0-301F-11D3-BF4B-00C04F79EFBC}") = "API", "API\API.csproj", "{714BB0F2-A691-49BF-9352-EBF0F4AF76ED}"
EndProject
Global
	GlobalSection(SolutionConfigurationPlatforms) = preSolution
		Debug|Any CPU = Debug|Any CPU
		Debug|x64 = Debug|x64
		Debug|x86 = Debug|x86
		Release|Any CPU = Release|Any CPU
		Release|x64 = Release|x64
		Release|x86 = Release|x86
	EndGlobalSection
	GlobalSection(SolutionProperties) = preSolution
		HideSolutionNode = FALSE
	EndGlobalSection
	GlobalSection(ProjectConfigurationPlatforms) = postSolution
		{C0B0E8EF-7C1D-457A-B086-72B0B5AA52E2}.Debug|Any CPU.ActiveCfg = Debug|Any CPU
		{C0B0E8EF-7C1D-457A-B086-72B0B5AA52E2}.Debug|Any CPU.Build.0 = Debug|Any CPU
		{C0B0E8EF-7C1D-457A-B086-72B0B5AA52E2}.Debug|x64.ActiveCfg = Debug|Any CPU
		{C0B0E8EF-7C1D-457A-B086-72B0B5AA52E2}.Debug|x64.Build.0 = Debug|Any CPU
		{C0B0E8EF-7C1D-457A-B086-72B0B5AA52E2}.Debug|x86.ActiveCfg = Debug|Any CPU
		{C0B0E8EF-7C1D-457A-B086-72B0B5AA52E2}.Debug|x86.Build.0 = Debug|Any CPU
		{C0B0E8EF-7C1D-457A-B086-72B0B5AA52E2}.Release|Any CPU.ActiveCfg = Release|Any CPU
		{C0B0E8EF-7C1D-457A-B086-72B0B5AA52E2}.Release|Any CPU.Build.0 = Release|Any CPU
		{C0B0E8EF-7C1D-457A-B086-72B0B5AA52E2}.Release|x64.ActiveCfg = Release|Any CPU
		{C0B0E8EF-7C1D-457A-B086-72B0B5AA52E2}.Release|x64.Build.0 = Release|Any CPU
		{C0B0E8EF-7C1D-457A-B086-72B0B5AA52E2}.Release|x86.ActiveCfg = Release|Any CPU
		{C0B0E8EF-7C1D-457A-B086-72B0B5AA52E2}.Release|x86.Build.0 = Release|Any CPU
		{534A3C83-F9F4-42EA-9956-7F4D2B61E8EC}.Debug|Any CPU.ActiveCfg = Debug|Any CPU
		{534A3C83-F9F4-42EA-9956-7F4D2B61E8EC}.Debug|Any CPU.Build.0 = Debug|Any CPU
		{534A3C83-F9F4-42EA-9956-7F4D2B61E8EC}.Debug|x64.ActiveCfg = Debug|Any CPU
		{534A3C83-F9F4-42EA-9956-7F4D2B61E8EC}.Debug|x64.Build.0 = Debug|Any CPU
		{534A3C83-F9F4-42EA-9956-7F4D2B61E8EC}.Debug|x86.ActiveCfg = Debug|Any CPU
		{534A3C83-F9F4-42EA-9956-7F4D2B61E8EC}.Debug|x86.Build.0 = Debug|Any CPU
		{534A3C83-F9F4-42EA-9956-7F4D2B61E8EC}.Release|Any CPU.ActiveCfg = Release|Any CPU
		{534A3C83-F9F4-42EA-9956-7F4D2B61E8EC}.Release|Any CPU.Build.0 = Release|Any CPU
		{534A3C83-F9F4-42EA-9956-7F4D2B61E8EC}.Release|x64.ActiveCfg = Release|Any CPU
		{534A3C83-F9F4-42EA-9956-7F4D2B61E8EC}.Release|x64.Build.0 = Release|Any CPU
		{534A3C83-F9F4-42EA-9956-7F4D2B61E8EC}.Release|x86.ActiveCfg = Release|Any CPU
		{534A3C83-F9F4-42EA-9956-7F4D2B61E8EC}.Release|x86.Build.0 = Release|Any CPU
		{C6C7233A-CF07-4C51-A6E8-C0552A48C1AF}.Debug|Any CPU.ActiveCfg = Debug|Any CPU
		{C6C7233A-CF07-4C51-A6E8-C0552A48C1AF}.Debug|Any CPU.Build.0 = Debug|Any CPU
		{C6C7233A-CF07-4C51-A6E8-C0552A48C1AF}.Debug|x64.ActiveCfg = Debug|Any CPU
		{C6C7233A-CF07-4C51-A6E8-C0552A48C1AF}.Debug|x64.Build.0 = Debug|Any CPU
		{C6C7233A-CF07-4C51-A6E8-C0552A48C1AF}.Debug|x86.ActiveCfg = Debug|Any CPU
		{C6C7233A-CF07-4C51-A6E8-C0552A48C1AF}.Debug|x86.Build.0 = Debug|Any CPU
		{C6C7233A-CF07-4C51-A6E8-C0552A48C1AF}.Release|Any CPU.ActiveCfg = Release|Any CPU
		{C6C7233A-CF07-4C51-A6E8-C0552A48C1AF}.Release|Any CPU.Build.0 = Release|Any CPU
		{C6C7233A-CF07-4C51-A6E8-C0552A48C1AF}.Release|x64.ActiveCfg = Release|Any CPU
		{C6C7233A-CF07-4C51-A6E8-C0552A48C1AF}.Release|x64.Build.0 = Release|Any CPU
		{C6C7233A-CF07-4C51-A6E8-C0552A48C1AF}.Release|x86.ActiveCfg = Release|Any CPU
		{C6C7233A-CF07-4C51-A6E8-C0552A48C1AF}.Release|x86.Build.0 = Release|Any CPU
		{714BB0F2-A691-49BF-9352-EBF0F4AF76ED}.Debug|Any CPU.ActiveCfg = Debug|Any CPU
		{714BB0F2-A691-49BF-9352-EBF0F4AF76ED}.Debug|Any CPU.Build.0 = Debug|Any CPU
		{714BB0F2-A691-49BF-9352-EBF0F4AF76ED}.Debug|x64.ActiveCfg = Debug|Any CPU
		{714BB0F2-A691-49BF-9352-EBF0F4AF76ED}.Debug|x64.Build.0 = Debug|Any CPU
		{714BB0F2-A691-49BF-9352-EBF0F4AF76ED}.Debug|x86.ActiveCfg = Debug|Any CPU
		{714BB0F2-A691-49BF-9352-EBF0F4AF76ED}.Debug|x86.Build.0 = Debug|Any CPU
		{714BB0F2-A691-49BF-9352-EBF0F4AF76ED}.Release|Any CPU.ActiveCfg = Release|Any CPU
		{714BB0F2-A691-49BF-9352-EBF0F4AF76ED}.Release|Any CPU.Build.0 = Release|Any CPU
		{714BB0F2-A691-49BF-9352-EBF0F4AF76ED}.Release|x64.ActiveCfg = Release|Any CPU
		{714BB0F2-A691-49BF-9352-EBF0F4AF76ED}.Release|x64.Build.0 = Release|Any CPU
		{714BB0F2-A691-49BF-9352-EBF0F4AF76ED}.Release|x86.ActiveCfg = Release|Any CPU
		{714BB0F2-A691-49BF-9352-EBF0F4AF76ED}.Release|x86.Build.0 = Release|Any CPU
	EndGlobalSection
EndGlobal
